
Microsoft Visual Studio Solution File, Format Version 12.00
Project("{FAE04EC0-301F-11D3-BF4B-00C04F79EFBC}") = "AMSample.WebAPI", "AMSample.WebAPI\AMSample.WebAPI.csproj", "{2F2AE254-D044-4997-9601-BB9B4FACFC9C}"
EndProject
Project("{FAE04EC0-301F-11D3-BF4B-00C04F79EFBC}") = "AMSample.Domain", "AMSample.Domain\AMSample.Domain.csproj", "{9ED055F0-2CCA-4173-85ED-D7C82CB25290}"
EndProject
Project("{FAE04EC0-301F-11D3-BF4B-00C04F79EFBC}") = "AMSample.Application", "AMSample.Application\AMSample.Application.csproj", "{599E2298-FA21-4A2E-8A3D-9B6AE943253F}"
EndProject
Project("{FAE04EC0-301F-11D3-BF4B-00C04F79EFBC}") = "AMSample.Infrastructure", "AMSample.Infrastructure\AMSample.Infrastructure.csproj", "{2D84FCD3-404C-4D7E-BC1F-99A3CE30BFA2}"
EndProject
Global
	GlobalSection(SolutionConfigurationPlatforms) = preSolution
		Debug|Any CPU = Debug|Any CPU
		Release|Any CPU = Release|Any CPU
	EndGlobalSection
	GlobalSection(ProjectConfigurationPlatforms) = postSolution
		{2F2AE254-D044-4997-9601-BB9B4FACFC9C}.Debug|Any CPU.ActiveCfg = Debug|Any CPU
		{2F2AE254-D044-4997-9601-BB9B4FACFC9C}.Debug|Any CPU.Build.0 = Debug|Any CPU
		{2F2AE254-D044-4997-9601-BB9B4FACFC9C}.Release|Any CPU.ActiveCfg = Release|Any CPU
		{2F2AE254-D044-4997-9601-BB9B4FACFC9C}.Release|Any CPU.Build.0 = Release|Any CPU
		{9ED055F0-2CCA-4173-85ED-D7C82CB25290}.Debug|Any CPU.ActiveCfg = Debug|Any CPU
		{9ED055F0-2CCA-4173-85ED-D7C82CB25290}.Debug|Any CPU.Build.0 = Debug|Any CPU
		{9ED055F0-2CCA-4173-85ED-D7C82CB25290}.Release|Any CPU.ActiveCfg = Release|Any CPU
		{9ED055F0-2CCA-4173-85ED-D7C82CB25290}.Release|Any CPU.Build.0 = Release|Any CPU
		{599E2298-FA21-4A2E-8A3D-9B6AE943253F}.Debug|Any CPU.ActiveCfg = Debug|Any CPU
		{599E2298-FA21-4A2E-8A3D-9B6AE943253F}.Debug|Any CPU.Build.0 = Debug|Any CPU
		{599E2298-FA21-4A2E-8A3D-9B6AE943253F}.Release|Any CPU.ActiveCfg = Release|Any CPU
		{599E2298-FA21-4A2E-8A3D-9B6AE943253F}.Release|Any CPU.Build.0 = Release|Any CPU
		{2D84FCD3-404C-4D7E-BC1F-99A3CE30BFA2}.Debug|Any CPU.ActiveCfg = Debug|Any CPU
		{2D84FCD3-404C-4D7E-BC1F-99A3CE30BFA2}.Debug|Any CPU.Build.0 = Debug|Any CPU
		{2D84FCD3-404C-4D7E-BC1F-99A3CE30BFA2}.Release|Any CPU.ActiveCfg = Release|Any CPU
		{2D84FCD3-404C-4D7E-BC1F-99A3CE30BFA2}.Release|Any CPU.Build.0 = Release|Any CPU
	EndGlobalSection
EndGlobal
